
Microsoft Visual Studio Solution File, Format Version 12.00
# Visual Studio Version 16
VisualStudioVersion = 16.0.30611.23
MinimumVisualStudioVersion = 10.0.40219.1
Project("{9A19103F-16F7-4668-BE54-9A1E7A4F7556}") = "ComputerSecurityWeb.Api", "ComputerSecurityWeb.Api\ComputerSecurityWeb.Api.csproj", "{C28138E5-856A-4936-B917-561B35530CAF}"
EndProject
Project("{9A19103F-16F7-4668-BE54-9A1E7A4F7556}") = "ComputerSecurityWeb.Bll", "ComputerSecurityWeb.Bll\ComputerSecurityWeb.Bll.csproj", "{E3DFEEAB-5040-4D4D-B86C-35D3DB057493}"
EndProject
Project("{9A19103F-16F7-4668-BE54-9A1E7A4F7556}") = "ComputerSecurityWeb.Dal", "ComputerSecurityWeb.Dal\ComputerSecurityWeb.Dal.csproj", "{B2C52BF8-2A5A-4AB4-9B47-1532825E787E}"
EndProject
Project("{2150E333-8FDC-42A3-9474-1A3956D46DE8}") = "lib", "lib", "{C8CAD073-DAA9-40CE-BBA5-E6D20C0BA8BA}"
EndProject
Project("{9A19103F-16F7-4668-BE54-9A1E7A4F7556}") = "TSClientGenerator", "TSClientGenerator\TSClientGenerator.csproj", "{F115A265-ECA0-458D-BF7A-48C753976ECA}"
EndProject
Global
	GlobalSection(SolutionConfigurationPlatforms) = preSolution
		Debug|Any CPU = Debug|Any CPU
		Release|Any CPU = Release|Any CPU
	EndGlobalSection
	GlobalSection(ProjectConfigurationPlatforms) = postSolution
		{C28138E5-856A-4936-B917-561B35530CAF}.Debug|Any CPU.ActiveCfg = Debug|Any CPU
		{C28138E5-856A-4936-B917-561B35530CAF}.Debug|Any CPU.Build.0 = Debug|Any CPU
		{C28138E5-856A-4936-B917-561B35530CAF}.Release|Any CPU.ActiveCfg = Release|Any CPU
		{C28138E5-856A-4936-B917-561B35530CAF}.Release|Any CPU.Build.0 = Release|Any CPU
		{E3DFEEAB-5040-4D4D-B86C-35D3DB057493}.Debug|Any CPU.ActiveCfg = Debug|Any CPU
		{E3DFEEAB-5040-4D4D-B86C-35D3DB057493}.Debug|Any CPU.Build.0 = Debug|Any CPU
		{E3DFEEAB-5040-4D4D-B86C-35D3DB057493}.Release|Any CPU.ActiveCfg = Release|Any CPU
		{E3DFEEAB-5040-4D4D-B86C-35D3DB057493}.Release|Any CPU.Build.0 = Release|Any CPU
		{B2C52BF8-2A5A-4AB4-9B47-1532825E787E}.Debug|Any CPU.ActiveCfg = Debug|Any CPU
		{B2C52BF8-2A5A-4AB4-9B47-1532825E787E}.Debug|Any CPU.Build.0 = Debug|Any CPU
		{B2C52BF8-2A5A-4AB4-9B47-1532825E787E}.Release|Any CPU.ActiveCfg = Release|Any CPU
		{B2C52BF8-2A5A-4AB4-9B47-1532825E787E}.Release|Any CPU.Build.0 = Release|Any CPU
		{F115A265-ECA0-458D-BF7A-48C753976ECA}.Debug|Any CPU.ActiveCfg = Debug|Any CPU
		{F115A265-ECA0-458D-BF7A-48C753976ECA}.Debug|Any CPU.Build.0 = Debug|Any CPU
		{F115A265-ECA0-458D-BF7A-48C753976ECA}.Release|Any CPU.ActiveCfg = Release|Any CPU
		{F115A265-ECA0-458D-BF7A-48C753976ECA}.Release|Any CPU.Build.0 = Release|Any CPU
	EndGlobalSection
	GlobalSection(SolutionProperties) = preSolution
		HideSolutionNode = FALSE
	EndGlobalSection
	GlobalSection(NestedProjects) = preSolution
		{F115A265-ECA0-458D-BF7A-48C753976ECA} = {C8CAD073-DAA9-40CE-BBA5-E6D20C0BA8BA}
	EndGlobalSection
	GlobalSection(ExtensibilityGlobals) = postSolution
		SolutionGuid = {3EC4CE64-9E4E-40B1-AC89-FB90A3B219C9}
	EndGlobalSection
EndGlobal
